
Microsoft Visual Studio Solution File, Format Version 12.00
# Visual Studio 15
VisualStudioVersion = 15.0.26430.6
MinimumVisualStudioVersion = 10.0.40219.1
Project("{FAE04EC0-301F-11D3-BF4B-00C04F79EFBC}") = "Zeus.Web", "Zeus.Web\Zeus.Web.csproj", "{6E1D0D7F-ABB8-40A1-9BB7-A3460837FBDE}"
EndProject
Project("{FAE04EC0-301F-11D3-BF4B-00C04F79EFBC}") = "Zeus.Web.Tests", "Zeus.Web.Tests\Zeus.Web.Tests.csproj", "{845A3D17-DF02-4BAF-82A9-2F20685FA257}"
EndProject
Project("{FAE04EC0-301F-11D3-BF4B-00C04F79EFBC}") = "Zeus.Exporter", "Zeus.Exporter\Zeus.Exporter.csproj", "{3A048F5F-E9DB-4383-B134-2CB58B1B7BD9}"
EndProject
Project("{FAE04EC0-301F-11D3-BF4B-00C04F79EFBC}") = "Zeus.Exporter.Tests", "Zeus.Exporter.Tests\Zeus.Exporter.Tests.csproj", "{1B413888-272F-480C-9222-A02A601ECAFC}"
EndProject
Project("{FAE04EC0-301F-11D3-BF4B-00C04F79EFBC}") = "Zeus.Common", "Zeus.Common\Zeus.Common.csproj", "{CFA6BE36-34CC-4F5E-AD71-5C2AA79EAD41}"
EndProject
Project("{FAE04EC0-301F-11D3-BF4B-00C04F79EFBC}") = "Zeus.SqlTracker", "Zeus.SqlTracker\Zeus.SqlTracker.csproj", "{713AD47C-5DDF-4F32-8594-F41D399DBAEE}"
EndProject
Project("{FAE04EC0-301F-11D3-BF4B-00C04F79EFBC}") = "Zeus.SqlTracker.Tests", "Zeus.SqlTracker.Tests\Zeus.SqlTracker.Tests.csproj", "{FD723D81-3A7E-4DAC-87F9-110CFD64FC82}"
EndProject
Global
	GlobalSection(SolutionConfigurationPlatforms) = preSolution
		Debug|Any CPU = Debug|Any CPU
		Release|Any CPU = Release|Any CPU
	EndGlobalSection
	GlobalSection(ProjectConfigurationPlatforms) = postSolution
		{6E1D0D7F-ABB8-40A1-9BB7-A3460837FBDE}.Debug|Any CPU.ActiveCfg = Debug|Any CPU
		{6E1D0D7F-ABB8-40A1-9BB7-A3460837FBDE}.Debug|Any CPU.Build.0 = Debug|Any CPU
		{6E1D0D7F-ABB8-40A1-9BB7-A3460837FBDE}.Release|Any CPU.ActiveCfg = Release|Any CPU
		{6E1D0D7F-ABB8-40A1-9BB7-A3460837FBDE}.Release|Any CPU.Build.0 = Release|Any CPU
		{845A3D17-DF02-4BAF-82A9-2F20685FA257}.Debug|Any CPU.ActiveCfg = Debug|Any CPU
		{845A3D17-DF02-4BAF-82A9-2F20685FA257}.Debug|Any CPU.Build.0 = Debug|Any CPU
		{845A3D17-DF02-4BAF-82A9-2F20685FA257}.Release|Any CPU.ActiveCfg = Release|Any CPU
		{845A3D17-DF02-4BAF-82A9-2F20685FA257}.Release|Any CPU.Build.0 = Release|Any CPU
		{3A048F5F-E9DB-4383-B134-2CB58B1B7BD9}.Debug|Any CPU.ActiveCfg = Debug|Any CPU
		{3A048F5F-E9DB-4383-B134-2CB58B1B7BD9}.Debug|Any CPU.Build.0 = Debug|Any CPU
		{3A048F5F-E9DB-4383-B134-2CB58B1B7BD9}.Release|Any CPU.ActiveCfg = Release|Any CPU
		{3A048F5F-E9DB-4383-B134-2CB58B1B7BD9}.Release|Any CPU.Build.0 = Release|Any CPU
		{1B413888-272F-480C-9222-A02A601ECAFC}.Debug|Any CPU.ActiveCfg = Debug|Any CPU
		{1B413888-272F-480C-9222-A02A601ECAFC}.Debug|Any CPU.Build.0 = Debug|Any CPU
		{1B413888-272F-480C-9222-A02A601ECAFC}.Release|Any CPU.ActiveCfg = Release|Any CPU
		{1B413888-272F-480C-9222-A02A601ECAFC}.Release|Any CPU.Build.0 = Release|Any CPU
		{CFA6BE36-34CC-4F5E-AD71-5C2AA79EAD41}.Debug|Any CPU.ActiveCfg = Debug|Any CPU
		{CFA6BE36-34CC-4F5E-AD71-5C2AA79EAD41}.Debug|Any CPU.Build.0 = Debug|Any CPU
		{CFA6BE36-34CC-4F5E-AD71-5C2AA79EAD41}.Release|Any CPU.ActiveCfg = Release|Any CPU
		{CFA6BE36-34CC-4F5E-AD71-5C2AA79EAD41}.Release|Any CPU.Build.0 = Release|Any CPU
		{713AD47C-5DDF-4F32-8594-F41D399DBAEE}.Debug|Any CPU.ActiveCfg = Debug|Any CPU
		{713AD47C-5DDF-4F32-8594-F41D399DBAEE}.Debug|Any CPU.Build.0 = Debug|Any CPU
		{713AD47C-5DDF-4F32-8594-F41D399DBAEE}.Release|Any CPU.ActiveCfg = Release|Any CPU
		{713AD47C-5DDF-4F32-8594-F41D399DBAEE}.Release|Any CPU.Build.0 = Release|Any CPU
		{FD723D81-3A7E-4DAC-87F9-110CFD64FC82}.Debug|Any CPU.ActiveCfg = Debug|Any CPU
		{FD723D81-3A7E-4DAC-87F9-110CFD64FC82}.Debug|Any CPU.Build.0 = Debug|Any CPU
		{FD723D81-3A7E-4DAC-87F9-110CFD64FC82}.Release|Any CPU.ActiveCfg = Release|Any CPU
		{FD723D81-3A7E-4DAC-87F9-110CFD64FC82}.Release|Any CPU.Build.0 = Release|Any CPU
	EndGlobalSection
	GlobalSection(SolutionProperties) = preSolution
		HideSolutionNode = FALSE
	EndGlobalSection
EndGlobal
